
Microsoft Visual Studio Solution File, Format Version 12.00
# Visual Studio Version 16
VisualStudioVersion = 16.0.31702.278
MinimumVisualStudioVersion = 10.0.40219.1
Project("{FAE04EC0-301F-11D3-BF4B-00C04F79EFBC}") = "WinFormsAppDemo", "WinFormsAppDemo\WinFormsAppDemo.csproj", "{AFD4C20A-8432-4995-AD61-C41FF694D9BD}"
EndProject
Global
	GlobalSection(SolutionConfigurationPlatforms) = preSolution
		Debug|Any CPU = Debug|Any CPU
		Release|Any CPU = Release|Any CPU
	EndGlobalSection
	GlobalSection(ProjectConfigurationPlatforms) = postSolution
		{AFD4C20A-8432-4995-AD61-C41FF694D9BD}.Debug|Any CPU.ActiveCfg = Debug|Any CPU
		{AFD4C20A-8432-4995-AD61-C41FF694D9BD}.Debug|Any CPU.Build.0 = Debug|Any CPU
		{AFD4C20A-8432-4995-AD61-C41FF694D9BD}.Release|Any CPU.ActiveCfg = Release|Any CPU
		{AFD4C20A-8432-4995-AD61-C41FF694D9BD}.Release|Any CPU.Build.0 = Release|Any CPU
	EndGlobalSection
	GlobalSection(SolutionProperties) = preSolution
		HideSolutionNode = FALSE
	EndGlobalSection
	GlobalSection(ExtensibilityGlobals) = postSolution
		SolutionGuid = {D3260CD3-4644-4599-85F9-18F468468C1E}
	EndGlobalSection
EndGlobal
